
Microsoft Visual Studio Solution File, Format Version 12.00
# Visual Studio Version 17
VisualStudioVersion = 17.14.36310.24
MinimumVisualStudioVersion = 10.0.40219.1
Project("{FAE04EC0-301F-11D3-BF4B-00C04F79EFBC}") = "EventHub.DAL", "EventHub.DAL\EventHub.DAL.csproj", "{59C62194-EBF0-4D1C-ACD6-555250C73FB8}"
EndProject
Project("{FAE04EC0-301F-11D3-BF4B-00C04F79EFBC}") = "EventHub.Domain", "EventHub.Domain\EventHub.Domain.csproj", "{AF26B4D4-E370-4AA7-92FB-8026FBF869D6}"
EndProject
Project("{FAE04EC0-301F-11D3-BF4B-00C04F79EFBC}") = "EventHub.BLL", "EventHub.BLL\EventHub.BLL.csproj", "{C91F0A47-853A-460A-A9D8-9B9C2C356FF8}"
EndProject
Project("{FAE04EC0-301F-11D3-BF4B-00C04F79EFBC}") = "EventHub.API", "EventHub.API\EventHub.API.csproj", "{6882CCCE-EDB2-4FD8-A758-2E40613F32EA}"
EndProject
Global
	GlobalSection(SolutionConfigurationPlatforms) = preSolution
		Debug|Any CPU = Debug|Any CPU
		Debug|x64 = Debug|x64
		Debug|x86 = Debug|x86
		Release|Any CPU = Release|Any CPU
		Release|x64 = Release|x64
		Release|x86 = Release|x86
	EndGlobalSection
	GlobalSection(ProjectConfigurationPlatforms) = postSolution
		{59C62194-EBF0-4D1C-ACD6-555250C73FB8}.Debug|Any CPU.ActiveCfg = Debug|Any CPU
		{59C62194-EBF0-4D1C-ACD6-555250C73FB8}.Debug|Any CPU.Build.0 = Debug|Any CPU
		{59C62194-EBF0-4D1C-ACD6-555250C73FB8}.Debug|x64.ActiveCfg = Debug|Any CPU
		{59C62194-EBF0-4D1C-ACD6-555250C73FB8}.Debug|x64.Build.0 = Debug|Any CPU
		{59C62194-EBF0-4D1C-ACD6-555250C73FB8}.Debug|x86.ActiveCfg = Debug|Any CPU
		{59C62194-EBF0-4D1C-ACD6-555250C73FB8}.Debug|x86.Build.0 = Debug|Any CPU
		{59C62194-EBF0-4D1C-ACD6-555250C73FB8}.Release|Any CPU.ActiveCfg = Release|Any CPU
		{59C62194-EBF0-4D1C-ACD6-555250C73FB8}.Release|Any CPU.Build.0 = Release|Any CPU
		{59C62194-EBF0-4D1C-ACD6-555250C73FB8}.Release|x64.ActiveCfg = Release|Any CPU
		{59C62194-EBF0-4D1C-ACD6-555250C73FB8}.Release|x64.Build.0 = Release|Any CPU
		{59C62194-EBF0-4D1C-ACD6-555250C73FB8}.Release|x86.ActiveCfg = Release|Any CPU
		{59C62194-EBF0-4D1C-ACD6-555250C73FB8}.Release|x86.Build.0 = Release|Any CPU
		{AF26B4D4-E370-4AA7-92FB-8026FBF869D6}.Debug|Any CPU.ActiveCfg = Debug|Any CPU
		{AF26B4D4-E370-4AA7-92FB-8026FBF869D6}.Debug|Any CPU.Build.0 = Debug|Any CPU
		{AF26B4D4-E370-4AA7-92FB-8026FBF869D6}.Debug|x64.ActiveCfg = Debug|Any CPU
		{AF26B4D4-E370-4AA7-92FB-8026FBF869D6}.Debug|x64.Build.0 = Debug|Any CPU
		{AF26B4D4-E370-4AA7-92FB-8026FBF869D6}.Debug|x86.ActiveCfg = Debug|Any CPU
		{AF26B4D4-E370-4AA7-92FB-8026FBF869D6}.Debug|x86.Build.0 = Debug|Any CPU
		{AF26B4D4-E370-4AA7-92FB-8026FBF869D6}.Release|Any CPU.ActiveCfg = Release|Any CPU
		{AF26B4D4-E370-4AA7-92FB-8026FBF869D6}.Release|Any CPU.Build.0 = Release|Any CPU
		{AF26B4D4-E370-4AA7-92FB-8026FBF869D6}.Release|x64.ActiveCfg = Release|Any CPU
		{AF26B4D4-E370-4AA7-92FB-8026FBF869D6}.Release|x64.Build.0 = Release|Any CPU
		{AF26B4D4-E370-4AA7-92FB-8026FBF869D6}.Release|x86.ActiveCfg = Release|Any CPU
		{AF26B4D4-E370-4AA7-92FB-8026FBF869D6}.Release|x86.Build.0 = Release|Any CPU
		{C91F0A47-853A-460A-A9D8-9B9C2C356FF8}.Debug|Any CPU.ActiveCfg = Debug|Any CPU
		{C91F0A47-853A-460A-A9D8-9B9C2C356FF8}.Debug|Any CPU.Build.0 = Debug|Any CPU
		{C91F0A47-853A-460A-A9D8-9B9C2C356FF8}.Debug|x64.ActiveCfg = Debug|Any CPU
		{C91F0A47-853A-460A-A9D8-9B9C2C356FF8}.Debug|x64.Build.0 = Debug|Any CPU
		{C91F0A47-853A-460A-A9D8-9B9C2C356FF8}.Debug|x86.ActiveCfg = Debug|Any CPU
		{C91F0A47-853A-460A-A9D8-9B9C2C356FF8}.Debug|x86.Build.0 = Debug|Any CPU
		{C91F0A47-853A-460A-A9D8-9B9C2C356FF8}.Release|Any CPU.ActiveCfg = Release|Any CPU
		{C91F0A47-853A-460A-A9D8-9B9C2C356FF8}.Release|Any CPU.Build.0 = Release|Any CPU
		{C91F0A47-853A-460A-A9D8-9B9C2C356FF8}.Release|x64.ActiveCfg = Release|Any CPU
		{C91F0A47-853A-460A-A9D8-9B9C2C356FF8}.Release|x64.Build.0 = Release|Any CPU
		{C91F0A47-853A-460A-A9D8-9B9C2C356FF8}.Release|x86.ActiveCfg = Release|Any CPU
		{C91F0A47-853A-460A-A9D8-9B9C2C356FF8}.Release|x86.Build.0 = Release|Any CPU
		{6882CCCE-EDB2-4FD8-A758-2E40613F32EA}.Debug|Any CPU.ActiveCfg = Debug|Any CPU
		{6882CCCE-EDB2-4FD8-A758-2E40613F32EA}.Debug|Any CPU.Build.0 = Debug|Any CPU
		{6882CCCE-EDB2-4FD8-A758-2E40613F32EA}.Debug|x64.ActiveCfg = Debug|Any CPU
		{6882CCCE-EDB2-4FD8-A758-2E40613F32EA}.Debug|x64.Build.0 = Debug|Any CPU
		{6882CCCE-EDB2-4FD8-A758-2E40613F32EA}.Debug|x86.ActiveCfg = Debug|Any CPU
		{6882CCCE-EDB2-4FD8-A758-2E40613F32EA}.Debug|x86.Build.0 = Debug|Any CPU
		{6882CCCE-EDB2-4FD8-A758-2E40613F32EA}.Release|Any CPU.ActiveCfg = Release|Any CPU
		{6882CCCE-EDB2-4FD8-A758-2E40613F32EA}.Release|Any CPU.Build.0 = Release|Any CPU
		{6882CCCE-EDB2-4FD8-A758-2E40613F32EA}.Release|x64.ActiveCfg = Release|Any CPU
		{6882CCCE-EDB2-4FD8-A758-2E40613F32EA}.Release|x64.Build.0 = Release|Any CPU
		{6882CCCE-EDB2-4FD8-A758-2E40613F32EA}.Release|x86.ActiveCfg = Release|Any CPU
		{6882CCCE-EDB2-4FD8-A758-2E40613F32EA}.Release|x86.Build.0 = Release|Any CPU
	EndGlobalSection
	GlobalSection(SolutionProperties) = preSolution
		HideSolutionNode = FALSE
	EndGlobalSection
	GlobalSection(ExtensibilityGlobals) = postSolution
		SolutionGuid = {29CED775-8675-47E9-AFDE-C2264BA043C4}
	EndGlobalSection
EndGlobal
